
Microsoft Visual Studio Solution File, Format Version 12.00
# Visual Studio Version 17
VisualStudioVersion = 17.11.35327.3
MinimumVisualStudioVersion = 10.0.40219.1
Project("{FAE04EC0-301F-11D3-BF4B-00C04F79EFBC}") = "RigidBodySimulationOnGpuDX", "RigidBodySimulationOnGpuDX\RigidBodySimulationOnGpuDX.csproj", "{1B8E1B08-101F-4961-AA2C-4529BB9127A3}"
EndProject
Global
	GlobalSection(SolutionConfigurationPlatforms) = preSolution
		Debug|Any CPU = Debug|Any CPU
		Release|Any CPU = Release|Any CPU
	EndGlobalSection
	GlobalSection(ProjectConfigurationPlatforms) = postSolution
		{1B8E1B08-101F-4961-AA2C-4529BB9127A3}.Debug|Any CPU.ActiveCfg = Debug|Any CPU
		{1B8E1B08-101F-4961-AA2C-4529BB9127A3}.Debug|Any CPU.Build.0 = Debug|Any CPU
		{1B8E1B08-101F-4961-AA2C-4529BB9127A3}.Release|Any CPU.ActiveCfg = Release|Any CPU
		{1B8E1B08-101F-4961-AA2C-4529BB9127A3}.Release|Any CPU.Build.0 = Release|Any CPU
	EndGlobalSection
	GlobalSection(SolutionProperties) = preSolution
		HideSolutionNode = FALSE
	EndGlobalSection
	GlobalSection(ExtensibilityGlobals) = postSolution
		SolutionGuid = {B8A81529-C1D7-482C-85CD-CE742FE8A809}
	EndGlobalSection
EndGlobal
